
Microsoft Visual Studio Solution File, Format Version 12.00
# Visual Studio Version 17
VisualStudioVersion = 17.1.32328.378
MinimumVisualStudioVersion = 10.0.40219.1
Project("{2150E333-8FDC-42A3-9474-1A3956D46DE8}") = "Services", "Services", "{418D8874-7C3F-40FC-9C9C-420EFD765993}"
EndProject
Project("{2150E333-8FDC-42A3-9474-1A3956D46DE8}") = "CatalogService", "CatalogService", "{0E0B2880-F1E9-4068-BBE3-60CCCB028DA6}"
EndProject
Project("{9A19103F-16F7-4668-BE54-9A1E7A4F7556}") = "Catalog.Service", "Services\CatalogService\Catalog.Service\Catalog.Service.csproj", "{79E082E1-22D7-46CF-B367-67022B65BA4C}"
EndProject
Project("{E53339B2-1760-4266-BCC7-CA923CBCF16C}") = "docker-compose", "docker-compose.dcproj", "{048AD211-1FF7-4ED2-9191-A453127CD208}"
EndProject
Project("{2150E333-8FDC-42A3-9474-1A3956D46DE8}") = "BasketService", "BasketService", "{85D00C03-42CC-44A3-A98B-B4203D591E77}"
EndProject
Project("{9A19103F-16F7-4668-BE54-9A1E7A4F7556}") = "Basket.Service", "Services\BasketService\Basket.Service\Basket.Service.csproj", "{AFA2EDE5-7141-4680-B188-CA4E547C27F4}"
EndProject
Project("{2150E333-8FDC-42A3-9474-1A3956D46DE8}") = "DiscountService", "DiscountService", "{46991284-C736-45AC-A7E4-9286078C2493}"
EndProject
Project("{9A19103F-16F7-4668-BE54-9A1E7A4F7556}") = "Discount.Service", "Services\DiscountService\Discount.Service\Discount.Service.csproj", "{587ED30C-881E-4B11-8D20-9E053D063C9B}"
EndProject
Project("{9A19103F-16F7-4668-BE54-9A1E7A4F7556}") = "Discount.Grpc", "Services\DiscountService\Discount.Grpc\Discount.Grpc.csproj", "{0DA76447-DA84-44B9-82CF-3370CEC32A4C}"
EndProject
Project("{2150E333-8FDC-42A3-9474-1A3956D46DE8}") = "OrderingService", "OrderingService", "{C8F2119B-DE81-43ED-A709-4AD10F4F3B4B}"
EndProject
Project("{9A19103F-16F7-4668-BE54-9A1E7A4F7556}") = "Ordering.Service", "Services\OrderingService\Ordering.Service\Ordering.Service.csproj", "{D2678504-B62B-4F19-83B1-F1FE39CAC7DF}"
EndProject
Project("{9A19103F-16F7-4668-BE54-9A1E7A4F7556}") = "Ordering.Domain", "Services\OrderingService\Ordering.Domain\Ordering.Domain.csproj", "{45DA1FD7-6A1F-4F97-8759-E003582DD581}"
EndProject
Project("{9A19103F-16F7-4668-BE54-9A1E7A4F7556}") = "Ordering.Application", "Services\OrderingService\Ordering.Application\Ordering.Application.csproj", "{CC895B41-C954-4620-BEDD-8A3A6219E534}"
EndProject
Project("{9A19103F-16F7-4668-BE54-9A1E7A4F7556}") = "Ordering.Infrastructure", "Services\OrderingService\Ordering.Infrastructure\Ordering.Infrastructure.csproj", "{D3D425F3-3C44-49C0-998C-BEB42CB41521}"
EndProject
Project("{2150E333-8FDC-42A3-9474-1A3956D46DE8}") = "Components", "Components", "{EFCC32BF-924B-4133-8BC2-8BC725D67E21}"
EndProject
Project("{FAE04EC0-301F-11D3-BF4B-00C04F79EFBC}") = "EventBus.Messages", "Components\EventBus.Messages\EventBus.Messages.csproj", "{97AF1C3D-C48B-4ED3-98E7-77694AE53B6F}"
EndProject
Project("{2150E333-8FDC-42A3-9474-1A3956D46DE8}") = "ApiGateway", "ApiGateway", "{BFD1293E-96F1-4373-B53C-AECA55AB6445}"
EndProject
Project("{FAE04EC0-301F-11D3-BF4B-00C04F79EFBC}") = "ECommerce.Ocelot", "ApiGateway\ECommerce.Ocelot\ECommerce.Ocelot.csproj", "{C45B929D-9F1B-4CE1-9EF6-C8601BE1E86A}"
EndProject
Global
	GlobalSection(SolutionConfigurationPlatforms) = preSolution
		Debug|Any CPU = Debug|Any CPU
		Release|Any CPU = Release|Any CPU
	EndGlobalSection
	GlobalSection(ProjectConfigurationPlatforms) = postSolution
		{79E082E1-22D7-46CF-B367-67022B65BA4C}.Debug|Any CPU.ActiveCfg = Debug|Any CPU
		{79E082E1-22D7-46CF-B367-67022B65BA4C}.Debug|Any CPU.Build.0 = Debug|Any CPU
		{79E082E1-22D7-46CF-B367-67022B65BA4C}.Release|Any CPU.ActiveCfg = Release|Any CPU
		{79E082E1-22D7-46CF-B367-67022B65BA4C}.Release|Any CPU.Build.0 = Release|Any CPU
		{048AD211-1FF7-4ED2-9191-A453127CD208}.Debug|Any CPU.ActiveCfg = Debug|Any CPU
		{048AD211-1FF7-4ED2-9191-A453127CD208}.Debug|Any CPU.Build.0 = Debug|Any CPU
		{048AD211-1FF7-4ED2-9191-A453127CD208}.Release|Any CPU.ActiveCfg = Release|Any CPU
		{048AD211-1FF7-4ED2-9191-A453127CD208}.Release|Any CPU.Build.0 = Release|Any CPU
		{AFA2EDE5-7141-4680-B188-CA4E547C27F4}.Debug|Any CPU.ActiveCfg = Debug|Any CPU
		{AFA2EDE5-7141-4680-B188-CA4E547C27F4}.Debug|Any CPU.Build.0 = Debug|Any CPU
		{AFA2EDE5-7141-4680-B188-CA4E547C27F4}.Release|Any CPU.ActiveCfg = Release|Any CPU
		{AFA2EDE5-7141-4680-B188-CA4E547C27F4}.Release|Any CPU.Build.0 = Release|Any CPU
		{587ED30C-881E-4B11-8D20-9E053D063C9B}.Debug|Any CPU.ActiveCfg = Debug|Any CPU
		{587ED30C-881E-4B11-8D20-9E053D063C9B}.Debug|Any CPU.Build.0 = Debug|Any CPU
		{587ED30C-881E-4B11-8D20-9E053D063C9B}.Release|Any CPU.ActiveCfg = Release|Any CPU
		{587ED30C-881E-4B11-8D20-9E053D063C9B}.Release|Any CPU.Build.0 = Release|Any CPU
		{0DA76447-DA84-44B9-82CF-3370CEC32A4C}.Debug|Any CPU.ActiveCfg = Debug|Any CPU
		{0DA76447-DA84-44B9-82CF-3370CEC32A4C}.Debug|Any CPU.Build.0 = Debug|Any CPU
		{0DA76447-DA84-44B9-82CF-3370CEC32A4C}.Release|Any CPU.ActiveCfg = Release|Any CPU
		{0DA76447-DA84-44B9-82CF-3370CEC32A4C}.Release|Any CPU.Build.0 = Release|Any CPU
		{D2678504-B62B-4F19-83B1-F1FE39CAC7DF}.Debug|Any CPU.ActiveCfg = Debug|Any CPU
		{D2678504-B62B-4F19-83B1-F1FE39CAC7DF}.Debug|Any CPU.Build.0 = Debug|Any CPU
		{D2678504-B62B-4F19-83B1-F1FE39CAC7DF}.Release|Any CPU.ActiveCfg = Release|Any CPU
		{D2678504-B62B-4F19-83B1-F1FE39CAC7DF}.Release|Any CPU.Build.0 = Release|Any CPU
		{45DA1FD7-6A1F-4F97-8759-E003582DD581}.Debug|Any CPU.ActiveCfg = Debug|Any CPU
		{45DA1FD7-6A1F-4F97-8759-E003582DD581}.Debug|Any CPU.Build.0 = Debug|Any CPU
		{45DA1FD7-6A1F-4F97-8759-E003582DD581}.Release|Any CPU.ActiveCfg = Release|Any CPU
		{45DA1FD7-6A1F-4F97-8759-E003582DD581}.Release|Any CPU.Build.0 = Release|Any CPU
		{CC895B41-C954-4620-BEDD-8A3A6219E534}.Debug|Any CPU.ActiveCfg = Debug|Any CPU
		{CC895B41-C954-4620-BEDD-8A3A6219E534}.Debug|Any CPU.Build.0 = Debug|Any CPU
		{CC895B41-C954-4620-BEDD-8A3A6219E534}.Release|Any CPU.ActiveCfg = Release|Any CPU
		{CC895B41-C954-4620-BEDD-8A3A6219E534}.Release|Any CPU.Build.0 = Release|Any CPU
		{D3D425F3-3C44-49C0-998C-BEB42CB41521}.Debug|Any CPU.ActiveCfg = Debug|Any CPU
		{D3D425F3-3C44-49C0-998C-BEB42CB41521}.Debug|Any CPU.Build.0 = Debug|Any CPU
		{D3D425F3-3C44-49C0-998C-BEB42CB41521}.Release|Any CPU.ActiveCfg = Release|Any CPU
		{D3D425F3-3C44-49C0-998C-BEB42CB41521}.Release|Any CPU.Build.0 = Release|Any CPU
		{97AF1C3D-C48B-4ED3-98E7-77694AE53B6F}.Debug|Any CPU.ActiveCfg = Debug|Any CPU
		{97AF1C3D-C48B-4ED3-98E7-77694AE53B6F}.Debug|Any CPU.Build.0 = Debug|Any CPU
		{97AF1C3D-C48B-4ED3-98E7-77694AE53B6F}.Release|Any CPU.ActiveCfg = Release|Any CPU
		{97AF1C3D-C48B-4ED3-98E7-77694AE53B6F}.Release|Any CPU.Build.0 = Release|Any CPU
		{C45B929D-9F1B-4CE1-9EF6-C8601BE1E86A}.Debug|Any CPU.ActiveCfg = Debug|Any CPU
		{C45B929D-9F1B-4CE1-9EF6-C8601BE1E86A}.Debug|Any CPU.Build.0 = Debug|Any CPU
		{C45B929D-9F1B-4CE1-9EF6-C8601BE1E86A}.Release|Any CPU.ActiveCfg = Release|Any CPU
		{C45B929D-9F1B-4CE1-9EF6-C8601BE1E86A}.Release|Any CPU.Build.0 = Release|Any CPU
	EndGlobalSection
	GlobalSection(SolutionProperties) = preSolution
		HideSolutionNode = FALSE
	EndGlobalSection
	GlobalSection(NestedProjects) = preSolution
		{0E0B2880-F1E9-4068-BBE3-60CCCB028DA6} = {418D8874-7C3F-40FC-9C9C-420EFD765993}
		{79E082E1-22D7-46CF-B367-67022B65BA4C} = {0E0B2880-F1E9-4068-BBE3-60CCCB028DA6}
		{85D00C03-42CC-44A3-A98B-B4203D591E77} = {418D8874-7C3F-40FC-9C9C-420EFD765993}
		{AFA2EDE5-7141-4680-B188-CA4E547C27F4} = {85D00C03-42CC-44A3-A98B-B4203D591E77}
		{46991284-C736-45AC-A7E4-9286078C2493} = {418D8874-7C3F-40FC-9C9C-420EFD765993}
		{587ED30C-881E-4B11-8D20-9E053D063C9B} = {46991284-C736-45AC-A7E4-9286078C2493}
		{0DA76447-DA84-44B9-82CF-3370CEC32A4C} = {46991284-C736-45AC-A7E4-9286078C2493}
		{C8F2119B-DE81-43ED-A709-4AD10F4F3B4B} = {418D8874-7C3F-40FC-9C9C-420EFD765993}
		{D2678504-B62B-4F19-83B1-F1FE39CAC7DF} = {C8F2119B-DE81-43ED-A709-4AD10F4F3B4B}
		{45DA1FD7-6A1F-4F97-8759-E003582DD581} = {C8F2119B-DE81-43ED-A709-4AD10F4F3B4B}
		{CC895B41-C954-4620-BEDD-8A3A6219E534} = {C8F2119B-DE81-43ED-A709-4AD10F4F3B4B}
		{D3D425F3-3C44-49C0-998C-BEB42CB41521} = {C8F2119B-DE81-43ED-A709-4AD10F4F3B4B}
		{97AF1C3D-C48B-4ED3-98E7-77694AE53B6F} = {EFCC32BF-924B-4133-8BC2-8BC725D67E21}
		{C45B929D-9F1B-4CE1-9EF6-C8601BE1E86A} = {BFD1293E-96F1-4373-B53C-AECA55AB6445}
	EndGlobalSection
	GlobalSection(ExtensibilityGlobals) = postSolution
		SolutionGuid = {8809CA9B-820D-4E3F-A1A8-9F307F119C27}
	EndGlobalSection
EndGlobal
